version = 3

[[package]]
name = "app"
version = "0.1.0"
dependencies = [
 "serde",
 "winapi",
]

[[package]]
name = "serde"
version = "1.0.214"
source = "registry+https://github.com/rust-lang/crates.io-index"

[[package]]
name = "winapi"
version = "0.3.9"
source = "registry+https://github.com/rust-lang/crates.io-index"
