{
  "name": "workspaces-same-lib-different-version",
  "version": "1.0.0",
  "lockfileVersion": 3,
  "requires": true,
  "packages": {
    "": {
      "name": "workspaces-same-lib-different-version",
      "version": "1.0.0",
      "workspaces": [
        "folder",
        "another-folder",
        "other-folder/workspace-2"
      ],
      "dependencies": {
        "group-dependencies": "0.0.11",
        "semver": "^4.3.0"
      }
    },
    "another-folder": {
      "name": "another-folder-workspace",
      "version": "1.0.0",
      "dependencies": {
        "picocolors": "^1.1.1",
        "semver": "^5.0.0"
      }
    },
    "another-folder/node_modules/semver": {
      "version": "5.7.2",
      "resolved": "https://registry.npmjs.org/semver/-/semver-5.7.2.tgz",
      "integrity": "sha512-cBznnQ9KjJqU67B52RMC65CMarK2600WFnbkcaiwWq3xy/5haFJlshgnpjovMVJ+Hff49d8GEn0b87C5pDQ10g==",
      "license": "ISC",
      "bin": {
        "semver": "bin/semver"
      }
    },
    "folder": {
      "name": "folder-workspace",
      "version": "1.0.0",
      "dependencies": {
        "picocolors": "^0.2.1",
        "semver": "^7.3.2"
      }
    },
    "folder/node_modules/picocolors": {
      "version": "0.2.1",
      "resolved": "https://registry.npmjs.org/picocolors/-/picocolors-0.2.1.tgz",
      "integrity": "sha512-cMlDqaLEqfSaW8Z7N5Jw+lyIW869EzT73/F5lhtY9cLGoVxSXznfgfXMO0Z5K0o0Q2TkTXq+0KFsdnSe3jDViA==",
      "license": "ISC"
    },
    "folder/node_modules/semver": {
      "version": "7.7.3",
      "resolved": "https://registry.npmjs.org/semver/-/semver-7.7.3.tgz",
      "integrity": "sha512-SdsKMrI9TdgjdweUSR9MweHA4EJ8YxHn8DFaDisvhVlUOe4BF1tLD7GAj0lIqWVl+dPb/rExr0Btby5loQm20Q==",
      "license": "ISC",
      "bin": {
        "semver": "bin/semver.js"
      },
      "engines": {
        "node": ">=10"
      }
    },
    "node_modules/another-folder-workspace": {
      "resolved": "another-folder",
      "link": true
    },
    "node_modules/colors": {
      "version": "1.4.0",
      "resolved": "https://registry.npmjs.org/colors/-/colors-1.4.0.tgz",
      "integrity": "sha512-a+UqTh4kgZg/SlGvfbzDHpgRu7AAQOmmqRHJnxhRZICKFUT91brVhNNt58CMWU9PsBbv3PDCZUHbVxuDiH2mtA==",
      "license": "MIT",
      "engines": {
        "node": ">=0.1.90"
      }
    },
    "node_modules/folder-workspace": {
      "resolved": "folder",
      "link": true
    },
    "node_modules/group-dependencies": {
      "version": "0.0.11",
      "resolved": "https://registry.npmjs.org/group-dependencies/-/group-dependencies-0.0.11.tgz",
      "integrity": "sha512-d66hGh5RZa4SwRu7FuKSGaKtZ+g+ZKIi7zRxgjK/fbllZg6WWZB9LasFAZYjF111KbjQSrPPdNaC5abNBRlqng==",
      "license": "ISC",
      "dependencies": {
        "colors": "^1.4.0"
      },
      "bin": {
        "deps": "bin/deps.js"
      }
    },
    "node_modules/other-workspace-workspace": {
      "resolved": "other-folder/workspace-2",
      "link": true
    },
    "node_modules/picocolors": {
      "version": "1.1.1",
      "resolved": "https://registry.npmjs.org/picocolors/-/picocolors-1.1.1.tgz",
      "integrity": "sha512-xceH2snhtb5M9liqDsmEw56le376mTZkEX/jEb/RxNFyegNul7eNslCXP9FDj/Lcu0X8KEyMceP2ntpaHrDEVA==",
      "license": "ISC"
    },
    "node_modules/semver": {
      "version": "4.3.6",
      "resolved": "https://registry.npmjs.org/semver/-/semver-4.3.6.tgz",
      "integrity": "sha512-IrpJ+yoG4EOH8DFWuVg+8H1kW1Oaof0Wxe7cPcXW3x9BjkN/eVo54F15LyqemnDIUYskQWr9qvl/RihmSy6+xQ==",
      "license": "ISC",
      "bin": {
        "semver": "bin/semver"
      }
    },
    "other-folder/workspace-2": {
      "name": "other-workspace-workspace",
      "version": "1.0.0",
      "dependencies": {
        "semver": "^6.3.0"
      }
    },
    "other-folder/workspace-2/node_modules/semver": {
      "version": "6.3.1",
      "resolved": "https://registry.npmjs.org/semver/-/semver-6.3.1.tgz",
      "integrity": "sha512-BR7VvDCVHO+q2xBEWskxS6DJE1qRnb7DxzUrogb71CWoSficBxYsiAGd+Kl0mmq/MprG9yArRkyrQxTO6XjMzA==",
      "license": "ISC",
      "bin": {
        "semver": "bin/semver.js"
      }
    }
  }
}
