# This file is generated by running "yarn install" inside your project.
# Manual changes might be lost - proceed with caution!

__metadata:
  version: 8
  cacheKey: 10c0

"@babel/code-frame@npm:^7.10.4":
  version: 7.27.1
  resolution: "@babel/code-frame@npm:7.27.1"
  dependencies:
    "@babel/helper-validator-identifier": "npm:^7.27.1"
    js-tokens: "npm:^4.0.0"
    picocolors: "npm:^1.1.1"
  checksum: 10c0/5dd9a18baa5fce4741ba729acc3a3272c49c25cb8736c4b18e113099520e7ef7b545a4096a26d600e4416157e63e87d66db46aa3fbf0a5f2286da2705c12da00
  languageName: node
  linkType: hard

"@babel/helper-validator-identifier@npm:^7.27.1":
  version: 7.28.5
  resolution: "@babel/helper-validator-identifier@npm:7.28.5"
  checksum: 10c0/42aaebed91f739a41f3d80b72752d1f95fd7c72394e8e4bd7cdd88817e0774d80a432451bcba17c2c642c257c483bf1d409dd4548883429ea9493a3bc4ab0847
  languageName: node
  linkType: hard

"@jridgewell/gen-mapping@npm:^0.3.5":
  version: 0.3.13
  resolution: "@jridgewell/gen-mapping@npm:0.3.13"
  dependencies:
    "@jridgewell/sourcemap-codec": "npm:^1.5.0"
    "@jridgewell/trace-mapping": "npm:^0.3.24"
  checksum: 10c0/9a7d65fb13bd9aec1fbab74cda08496839b7e2ceb31f5ab922b323e94d7c481ce0fc4fd7e12e2610915ed8af51178bdc61e168e92a8c8b8303b030b03489b13b
  languageName: node
  linkType: hard

"@jridgewell/resolve-uri@npm:^3.1.0":
  version: 3.1.2
  resolution: "@jridgewell/resolve-uri@npm:3.1.2"
  checksum: 10c0/d502e6fb516b35032331406d4e962c21fe77cdf1cbdb49c6142bcbd9e30507094b18972778a6e27cbad756209cfe34b1a27729e6fa08a2eb92b33943f680cf1e
  languageName: node
  linkType: hard

"@jridgewell/source-map@npm:^0.3.3":
  version: 0.3.11
  resolution: "@jridgewell/source-map@npm:0.3.11"
  dependencies:
    "@jridgewell/gen-mapping": "npm:^0.3.5"
    "@jridgewell/trace-mapping": "npm:^0.3.25"
  checksum: 10c0/50a4fdafe0b8f655cb2877e59fe81320272eaa4ccdbe6b9b87f10614b2220399ae3e05c16137a59db1f189523b42c7f88bd097ee991dbd7bc0e01113c583e844
  languageName: node
  linkType: hard

"@jridgewell/sourcemap-codec@npm:^1.4.14, @jridgewell/sourcemap-codec@npm:^1.5.0":
  version: 1.5.5
  resolution: "@jridgewell/sourcemap-codec@npm:1.5.5"
  checksum: 10c0/f9e538f302b63c0ebc06eecb1dd9918dd4289ed36147a0ddce35d6ea4d7ebbda243cda7b2213b6a5e1d8087a298d5cf630fb2bd39329cdecb82017023f6081a0
  languageName: node
  linkType: hard

"@jridgewell/trace-mapping@npm:^0.3.24, @jridgewell/trace-mapping@npm:^0.3.25":
  version: 0.3.31
  resolution: "@jridgewell/trace-mapping@npm:0.3.31"
  dependencies:
    "@jridgewell/resolve-uri": "npm:^3.1.0"
    "@jridgewell/sourcemap-codec": "npm:^1.4.14"
  checksum: 10c0/4b30ec8cd56c5fd9a661f088230af01e0c1a3888d11ffb6b47639700f71225be21d1f7e168048d6d4f9449207b978a235c07c8f15c07705685d16dc06280e9d9
  languageName: node
  linkType: hard

"@types/node@npm:*":
  version: 24.10.1
  resolution: "@types/node@npm:24.10.1"
  dependencies:
    undici-types: "npm:~7.16.0"
  checksum: 10c0/d6bca7a78f550fbb376f236f92b405d676003a8a09a1b411f55920ef34286ee3ee51f566203920e835478784df52662b5b2af89159d9d319352e9ea21801c002
  languageName: node
  linkType: hard

"acorn@npm:^8.15.0":
  version: 8.15.0
  resolution: "acorn@npm:8.15.0"
  bin:
    acorn: bin/acorn
  checksum: 10c0/dec73ff59b7d6628a01eebaece7f2bdb8bb62b9b5926dcad0f8931f2b8b79c2be21f6c68ac095592adb5adb15831a3635d9343e6a91d028bbe85d564875ec3ec
  languageName: node
  linkType: hard

"buffer-from@npm:^1.0.0":
  version: 1.1.2
  resolution: "buffer-from@npm:1.1.2"
  checksum: 10c0/124fff9d66d691a86d3b062eff4663fe437a9d9ee4b47b1b9e97f5a5d14f6d5399345db80f796827be7c95e70a8e765dd404b7c3ff3b3324f98e9b0c8826cc34
  languageName: node
  linkType: hard

"colors@npm:^1.4.0":
  version: 1.4.0
  resolution: "colors@npm:1.4.0"
  checksum: 10c0/9af357c019da3c5a098a301cf64e3799d27549d8f185d86f79af23069e4f4303110d115da98483519331f6fb71c8568d5688fa1c6523600044fd4a54e97c4efb
  languageName: node
  linkType: hard

"commander@npm:^2.20.0":
  version: 2.20.3
  resolution: "commander@npm:2.20.3"
  checksum: 10c0/74c781a5248c2402a0a3e966a0a2bba3c054aad144f5c023364be83265e796b20565aa9feff624132ff629aa64e16999fa40a743c10c12f7c61e96a794b99288
  languageName: node
  linkType: hard

"group-dependencies@npm:0.0.11":
  version: 0.0.11
  resolution: "group-dependencies@npm:0.0.11"
  dependencies:
    colors: "npm:^1.4.0"
  bin:
    deps: bin/deps.js
  checksum: 10c0/47886e1e257bb479bc715276cc5d7067ed7541baf4bc6dee62b534c508cf75c4ad9cea44f17a7f6d50c167906a4ca12032a436ede764c819b1fe21cc39d03711
  languageName: node
  linkType: hard

"has-flag@npm:^4.0.0":
  version: 4.0.0
  resolution: "has-flag@npm:4.0.0"
  checksum: 10c0/2e789c61b7888d66993e14e8331449e525ef42aac53c627cc53d1c3334e768bcb6abdc4f5f0de1478a25beec6f0bd62c7549058b7ac53e924040d4f301f02fd1
  languageName: node
  linkType: hard

"jest-worker@npm:^26.2.1":
  version: 26.6.2
  resolution: "jest-worker@npm:26.6.2"
  dependencies:
    "@types/node": "npm:*"
    merge-stream: "npm:^2.0.0"
    supports-color: "npm:^7.0.0"
  checksum: 10c0/07e4dba650381604cda253ab6d5837fe0279c8d68c25884995b45bfe149a7a1e1b5a97f304b4518f257dac2a9ddc1808d57d650649c3ab855e9e60cf824d2970
  languageName: node
  linkType: hard

"js-tokens@npm:^4.0.0":
  version: 4.0.0
  resolution: "js-tokens@npm:4.0.0"
  checksum: 10c0/e248708d377aa058eacf2037b07ded847790e6de892bbad3dac0abba2e759cb9f121b00099a65195616badcb6eca8d14d975cb3e89eb1cfda644756402c8aeed
  languageName: node
  linkType: hard

"merge-stream@npm:^2.0.0":
  version: 2.0.0
  resolution: "merge-stream@npm:2.0.0"
  checksum: 10c0/867fdbb30a6d58b011449b8885601ec1690c3e41c759ecd5a9d609094f7aed0096c37823ff4a7190ef0b8f22cc86beb7049196ff68c016e3b3c671d0dac91ce5
  languageName: node
  linkType: hard

"picocolors@npm:^0.2.1":
  version: 0.2.1
  resolution: "picocolors@npm:0.2.1"
  checksum: 10c0/98a83c77912c80aea0fc518aec184768501bfceafa490714b0f43eda9c52e372b844ce0a591e822bbfe5df16dcf366be7cbdb9534d39cf54a80796340371ee17
  languageName: node
  linkType: hard

"picocolors@npm:^1.1.1":
  version: 1.1.1
  resolution: "picocolors@npm:1.1.1"
  checksum: 10c0/e2e3e8170ab9d7c7421969adaa7e1b31434f789afb9b3f115f6b96d91945041ac3ceb02e9ec6fe6510ff036bcc0bf91e69a1772edc0b707e12b19c0f2d6bcf58
  languageName: node
  linkType: hard

"randombytes@npm:^2.1.0":
  version: 2.1.0
  resolution: "randombytes@npm:2.1.0"
  dependencies:
    safe-buffer: "npm:^5.1.0"
  checksum: 10c0/50395efda7a8c94f5dffab564f9ff89736064d32addf0cc7e8bf5e4166f09f8ded7a0849ca6c2d2a59478f7d90f78f20d8048bca3cdf8be09d8e8a10790388f3
  languageName: node
  linkType: hard

"rollup-plugin-terser@npm:^7.0.2":
  version: 7.0.2
  resolution: "rollup-plugin-terser@npm:7.0.2"
  dependencies:
    "@babel/code-frame": "npm:^7.10.4"
    jest-worker: "npm:^26.2.1"
    serialize-javascript: "npm:^4.0.0"
    terser: "npm:^5.0.0"
  peerDependencies:
    rollup: ^2.0.0
  checksum: 10c0/f79b851c6f7b06555d3a8ce7a4e32abd2b7cb8318e89fb8db73e662fa6e3af1a59920e881d111efc65a7437fd9582b61b1f4859b6fd839ba948616829d92432d
  languageName: node
  linkType: hard

"safe-buffer@npm:^5.1.0":
  version: 5.2.1
  resolution: "safe-buffer@npm:5.2.1"
  checksum: 10c0/6501914237c0a86e9675d4e51d89ca3c21ffd6a31642efeba25ad65720bce6921c9e7e974e5be91a786b25aa058b5303285d3c15dbabf983a919f5f630d349f3
  languageName: node
  linkType: hard

"semver@npm:^4.3.0":
  version: 4.3.6
  resolution: "semver@npm:4.3.6"
  bin:
    semver: ./bin/semver
  checksum: 10c0/d5ee7e9e9672c92428e742de84c11b055f7382fa8442b26e4673959d03f3642d468d291980b8661c537ebfce61a5b25ebe3e92f2debf1ce582bffe57b8beb945
  languageName: node
  linkType: hard

"semver@npm:^5.0.0":
  version: 5.7.2
  resolution: "semver@npm:5.7.2"
  bin:
    semver: bin/semver
  checksum: 10c0/e4cf10f86f168db772ae95d86ba65b3fd6c5967c94d97c708ccb463b778c2ee53b914cd7167620950fc07faf5a564e6efe903836639e512a1aa15fbc9667fa25
  languageName: node
  linkType: hard

"semver@npm:^6.3.0":
  version: 6.3.1
  resolution: "semver@npm:6.3.1"
  bin:
    semver: bin/semver.js
  checksum: 10c0/e3d79b609071caa78bcb6ce2ad81c7966a46a7431d9d58b8800cfa9cb6a63699b3899a0e4bcce36167a284578212d9ae6942b6929ba4aa5015c079a67751d42d
  languageName: node
  linkType: hard

"semver@npm:^7.3.2":
  version: 7.7.3
  resolution: "semver@npm:7.7.3"
  bin:
    semver: bin/semver.js
  checksum: 10c0/4afe5c986567db82f44c8c6faef8fe9df2a9b1d98098fc1721f57c696c4c21cebd572f297fc21002f81889492345b8470473bc6f4aff5fb032a6ea59ea2bc45e
  languageName: node
  linkType: hard

"serialize-javascript@npm:^4.0.0":
  version: 4.0.0
  resolution: "serialize-javascript@npm:4.0.0"
  dependencies:
    randombytes: "npm:^2.1.0"
  checksum: 10c0/510dfe7f0311c0b2f7ab06311afa1668ba2969ab2f1faaac0a4924ede76b7f22ba85cfdeaa0052ec5a047bca42c8cd8ac8df8f0efe52f9bd290b3a39ae69fe9d
  languageName: node
  linkType: hard

"source-map-support@npm:~0.5.20":
  version: 0.5.21
  resolution: "source-map-support@npm:0.5.21"
  dependencies:
    buffer-from: "npm:^1.0.0"
    source-map: "npm:^0.6.0"
  checksum: 10c0/9ee09942f415e0f721d6daad3917ec1516af746a8120bba7bb56278707a37f1eb8642bde456e98454b8a885023af81a16e646869975f06afc1a711fb90484e7d
  languageName: node
  linkType: hard

"source-map@npm:^0.6.0":
  version: 0.6.1
  resolution: "source-map@npm:0.6.1"
  checksum: 10c0/ab55398007c5e5532957cb0beee2368529618ac0ab372d789806f5718123cc4367d57de3904b4e6a4170eb5a0b0f41373066d02ca0735a0c4d75c7d328d3e011
  languageName: node
  linkType: hard

"supports-color@npm:^7.0.0":
  version: 7.2.0
  resolution: "supports-color@npm:7.2.0"
  dependencies:
    has-flag: "npm:^4.0.0"
  checksum: 10c0/afb4c88521b8b136b5f5f95160c98dee7243dc79d5432db7efc27efb219385bbc7d9427398e43dd6cc730a0f87d5085ce1652af7efbe391327bc0a7d0f7fc124
  languageName: node
  linkType: hard

"terser@npm:^5.0.0":
  version: 5.44.1
  resolution: "terser@npm:5.44.1"
  dependencies:
    "@jridgewell/source-map": "npm:^0.3.3"
    acorn: "npm:^8.15.0"
    commander: "npm:^2.20.0"
    source-map-support: "npm:~0.5.20"
  bin:
    terser: bin/terser
  checksum: 10c0/ee7a76692cb39b1ed22c30ff366c33ff3c977d9bb769575338ff5664676168fcba59192fb5168ef80c7cd901ef5411a1b0351261f5eaa50decf0fc71f63bde75
  languageName: node
  linkType: hard

"undici-types@npm:~7.16.0":
  version: 7.16.0
  resolution: "undici-types@npm:7.16.0"
  checksum: 10c0/3033e2f2b5c9f1504bdc5934646cb54e37ecaca0f9249c983f7b1fc2e87c6d18399ebb05dc7fd5419e02b2e915f734d872a65da2e3eeed1813951c427d33cc9a
  languageName: node
  linkType: hard

"workspace-1@workspace:workspace-1":
  version: 0.0.0-use.local
  resolution: "workspace-1@workspace:workspace-1"
  dependencies:
    picocolors: "npm:^0.2.1"
    rollup-plugin-terser: "npm:^7.0.2"
    semver: "npm:^7.3.2"
  languageName: unknown
  linkType: soft

"workspace-2@workspace:nested/workspace-2":
  version: 0.0.0-use.local
  resolution: "workspace-2@workspace:nested/workspace-2"
  dependencies:
    semver: "npm:^6.3.0"
  languageName: unknown
  linkType: soft

"workspace-3@workspace:workspace-3":
  version: 0.0.0-use.local
  resolution: "workspace-3@workspace:workspace-3"
  dependencies:
    picocolors: "npm:^1.1.1"
    semver: "npm:^5.0.0"
  languageName: unknown
  linkType: soft

"workspaces-same-lib-different-version@workspace:.":
  version: 0.0.0-use.local
  resolution: "workspaces-same-lib-different-version@workspace:."
  dependencies:
    group-dependencies: "npm:0.0.11"
    semver: "npm:^4.3.0"
  languageName: unknown
  linkType: soft
