{
  "name": "datadog-sbom-generator",
  "lockfileVersion": 3,
  "requires": true,
  "packages": {
    "": {
      "name": "datadog-sbom-generator",
      "dependencies": {
        "ansi-html": "0.0.9"
      }
    },
    "node_modules/ansi-html": {
      "version": "0.0.9",
      "resolved": "https://registry.npmjs.org/ansi-html/-/ansi-html-0.0.9.tgz",
      "integrity": "sha512-ozbS3LuenHVxNRh/wdnN16QapUHzauqSomAl1jwwJRRsGwFwtj644lIhxfWu0Fy0acCij2+AEgHvjscq3dlVXg==",
      "engines": [
        "node >= 0.8.0"
      ],
      "license": "Apache-2.0",
      "bin": {
        "ansi-html": "bin/ansi-html"
      }
    }
  }
}
