{
  "name": "workspaces-same-lib-and-version",
  "version": "1.0.0",
  "lockfileVersion": 3,
  "requires": true,
  "packages": {
    "": {
      "name": "workspaces-same-lib-and-version",
      "version": "1.0.0",
      "workspaces": [
        "workspace-1",
        "nested/**"
      ]
    },
    "nested/workspace-2": {
      "version": "1.0.0",
      "dependencies": {
        "semver": "^7.3.2"
      }
    },
    "node_modules/semver": {
      "version": "7.7.3",
      "resolved": "https://registry.npmjs.org/semver/-/semver-7.7.3.tgz",
      "integrity": "sha512-SdsKMrI9TdgjdweUSR9MweHA4EJ8YxHn8DFaDisvhVlUOe4BF1tLD7GAj0lIqWVl+dPb/rExr0Btby5loQm20Q==",
      "license": "ISC",
      "bin": {
        "semver": "bin/semver.js"
      },
      "engines": {
        "node": ">=10"
      }
    },
    "node_modules/workspace-1": {
      "resolved": "workspace-1",
      "link": true
    },
    "node_modules/workspace-2": {
      "resolved": "nested/workspace-2",
      "link": true
    },
    "workspace-1": {
      "version": "1.0.0",
      "dependencies": {
        "semver": "^7.3.2"
      }
    }
  }
}
