# This file is generated by running "yarn install" inside your project.
# Manual changes might be lost - proceed with caution!

__metadata:
  version: 8
  cacheKey: 10c0

"1-app@workspace:*, 1-app@workspace:1-app":
  version: 0.0.0-use.local
  resolution: "1-app@workspace:1-app"
  dependencies:
    semver: "npm:^7.3.2"
  languageName: unknown
  linkType: soft

"2-app@workspace:2-app":
  version: 0.0.0-use.local
  resolution: "2-app@workspace:2-app"
  dependencies:
    1-app: "workspace:*"
    semver: "npm:^7.3.2"
  languageName: unknown
  linkType: soft

"semver@npm:^7.3.2":
  version: 7.8.5
  resolution: "semver@npm:7.8.5"
  bin:
    semver: bin/semver.js
  checksum: 10c0/b1f3127a5be8125a94f37188b361c212466c292c6910adce3ec106cff5dc211ccaedc4739c11bb70fda59d6fc1f040a9bca289f4e093451521a2372e5231fe0c
  languageName: node
  linkType: hard

"workspace-digit-leading-dirs@workspace:.":
  version: 0.0.0-use.local
  resolution: "workspace-digit-leading-dirs@workspace:."
  languageName: unknown
  linkType: soft
