{
  "name": "@test/root",
  "version": "1.0.0",
  "lockfileVersion": 2,
  "requires": true,
  "packages": {
    "": {
      "name": "@test/root",
      "version": "1.0.0",
      "dependencies": {
        "wrappy": "^1.0.0"
      },
      "workspaces": ["packages/*"]
    },
    "node_modules/wrappy": {
      "version": "1.0.2",
      "resolved": "https://registry.npmjs.org/wrappy/-/wrappy-1.0.2.tgz",
      "integrity": "sha1-tSQ9jz7BqjXxNkYFvA0QNuMKtp8="
    },
    "packages/core": {
      "name": "@test/core",
      "version": "1.0.0"
    },
    "packages/utils": {
      "name": "@test/utils",
      "version": "1.0.0"
    }
  }
}
