# This file is generated by running "yarn install" inside your project.
# Manual changes might be lost - proceed with caution!

__metadata:
  version: 8
  cacheKey: 10c0

"semver@npm:^6.0.0":
  version: 6.3.1
  resolution: "semver@npm:6.3.1"
  bin:
    semver: bin/semver.js
  checksum: 10c0/e3d79b609071caa78bcb6ce2ad81c7966a46a7431d9d58b8800cfa9cb6a63699b3899a0e4bcce36167a284578212d9ae6942b6929ba4aa5015c079a67751d42d
  languageName: node
  linkType: hard

"semver@npm:^7.3.3, semver@npm:^7.3.4":
  version: 7.7.3
  resolution: "semver@npm:7.7.3"
  bin:
    semver: bin/semver.js
  checksum: 10c0/4afe5c986567db82f44c8c6faef8fe9df2a9b1d98098fc1721f57c696c4c21cebd572f297fc21002f81889492345b8470473bc6f4aff5fb032a6ea59ea2bc45e
  languageName: node
  linkType: hard

"workspace-1@workspace:workspace-1":
  version: 0.0.0-use.local
  resolution: "workspace-1@workspace:workspace-1"
  dependencies:
    semver: "npm:^7.3.3"
  languageName: unknown
  linkType: soft

"workspace-2@workspace:nested/workspace-2":
  version: 0.0.0-use.local
  resolution: "workspace-2@workspace:nested/workspace-2"
  dependencies:
    semver: "npm:^6.0.0"
  languageName: unknown
  linkType: soft

"workspaces-same-lib-and-version@workspace:.":
  version: 0.0.0-use.local
  resolution: "workspaces-same-lib-and-version@workspace:."
  dependencies:
    semver: "npm:^7.3.4"
  languageName: unknown
  linkType: soft
