{
  "lockfileVersion": 0,
  "workspaces": {
    "": {
      "name": "multiple-packages-fixture",
      "dependencies": {
        "lodash": "^4.17.21"
      },
      "devDependencies": {
        "typescript": "^5.0.0"
      }
    }
  },
  "packages": {
    "lodash": ["lodash@4.17.21", "", {}, "sha512-aaa"],
    "typescript": ["typescript@5.3.3", "", { "bin": { "tsc": "bin/tsc" } }, "sha512-bbb"]
  }
}
