# This file is generated by running "yarn install" inside your project.
# Manual changes might be lost - proceed with caution!

__metadata:
  version: 8
  cacheKey: 10c0

"colors@npm:^1.4.0":
  version: 1.4.0
  resolution: "colors@npm:1.4.0"
  checksum: 10c0/9af357c019da3c5a098a301cf64e3799d27549d8f185d86f79af23069e4f4303110d115da98483519331f6fb71c8568d5688fa1c6523600044fd4a54e97c4efb
  languageName: node
  linkType: hard

"group-dependencies@npm:0.0.11":
  version: 0.0.11
  resolution: "group-dependencies@npm:0.0.11"
  dependencies:
    colors: "npm:^1.4.0"
  bin:
    deps: bin/deps.js
  checksum: 10c0/47886e1e257bb479bc715276cc5d7067ed7541baf4bc6dee62b534c508cf75c4ad9cea44f17a7f6d50c167906a4ca12032a436ede764c819b1fe21cc39d03711
  languageName: node
  linkType: hard

"picocolors@npm:^0.2.1":
  version: 0.2.1
  resolution: "picocolors@npm:0.2.1"
  checksum: 10c0/98a83c77912c80aea0fc518aec184768501bfceafa490714b0f43eda9c52e372b844ce0a591e822bbfe5df16dcf366be7cbdb9534d39cf54a80796340371ee17
  languageName: node
  linkType: hard

"picocolors@npm:^1.1.1":
  version: 1.1.1
  resolution: "picocolors@npm:1.1.1"
  checksum: 10c0/e2e3e8170ab9d7c7421969adaa7e1b31434f789afb9b3f115f6b96d91945041ac3ceb02e9ec6fe6510ff036bcc0bf91e69a1772edc0b707e12b19c0f2d6bcf58
  languageName: node
  linkType: hard

"semver@npm:^4.3.0":
  version: 4.3.6
  resolution: "semver@npm:4.3.6"
  bin:
    semver: ./bin/semver
  checksum: 10c0/d5ee7e9e9672c92428e742de84c11b055f7382fa8442b26e4673959d03f3642d468d291980b8661c537ebfce61a5b25ebe3e92f2debf1ce582bffe57b8beb945
  languageName: node
  linkType: hard

"semver@npm:^5.0.0":
  version: 5.7.2
  resolution: "semver@npm:5.7.2"
  bin:
    semver: bin/semver
  checksum: 10c0/e4cf10f86f168db772ae95d86ba65b3fd6c5967c94d97c708ccb463b778c2ee53b914cd7167620950fc07faf5a564e6efe903836639e512a1aa15fbc9667fa25
  languageName: node
  linkType: hard

"semver@npm:^6.3.0":
  version: 6.3.1
  resolution: "semver@npm:6.3.1"
  bin:
    semver: bin/semver.js
  checksum: 10c0/e3d79b609071caa78bcb6ce2ad81c7966a46a7431d9d58b8800cfa9cb6a63699b3899a0e4bcce36167a284578212d9ae6942b6929ba4aa5015c079a67751d42d
  languageName: node
  linkType: hard

"semver@npm:^7.3.2":
  version: 7.7.3
  resolution: "semver@npm:7.7.3"
  bin:
    semver: bin/semver.js
  checksum: 10c0/4afe5c986567db82f44c8c6faef8fe9df2a9b1d98098fc1721f57c696c4c21cebd572f297fc21002f81889492345b8470473bc6f4aff5fb032a6ea59ea2bc45e
  languageName: node
  linkType: hard

"workspace-1@workspace:workspace-1":
  version: 0.0.0-use.local
  resolution: "workspace-1@workspace:workspace-1"
  dependencies:
    picocolors: "npm:^0.2.1"
    semver: "npm:^7.3.2"
  languageName: unknown
  linkType: soft

"workspace-2@workspace:nested/workspace-2":
  version: 0.0.0-use.local
  resolution: "workspace-2@workspace:nested/workspace-2"
  dependencies:
    semver: "npm:^6.3.0"
  languageName: unknown
  linkType: soft

"workspace-3@workspace:workspace-3":
  version: 0.0.0-use.local
  resolution: "workspace-3@workspace:workspace-3"
  dependencies:
    picocolors: "npm:^1.1.1"
    semver: "npm:^5.0.0"
  languageName: unknown
  linkType: soft

"workspaces-same-lib-different-version@workspace:.":
  version: 0.0.0-use.local
  resolution: "workspaces-same-lib-different-version@workspace:."
  dependencies:
    group-dependencies: "npm:0.0.11"
    semver: "npm:^4.3.0"
  languageName: unknown
  linkType: soft
